
Microsoft Visual Studio Solution File, Format Version 12.00
# Visual Studio Version 17
VisualStudioVersion = 17.11.35312.102
MinimumVisualStudioVersion = 10.0.40219.1
Project("{9A19103F-16F7-4668-BE54-9A1E7A4F7556}") = "ConsoleApp", "src\ConsoleApp\ConsoleApp.csproj", "{F7C25880-9CDE-4578-81AA-2F20F9BA4AF8}"
EndProject
Project("{FAE04EC0-301F-11D3-BF4B-00C04F79EFBC}") = "TestProject", "tests\TestProject\TestProject.csproj", "{4C00AABB-DEFD-44D9-B676-B28CF3EC7F0D}"
EndProject
Project("{2150E333-8FDC-42A3-9474-1A3956D46DE8}") = "tests", "tests", "{224254B0-DE76-4AE8-93F9-BA8BC87F5716}"
EndProject
Project("{2150E333-8FDC-42A3-9474-1A3956D46DE8}") = "Solution Items", "Solution Items", "{F57EA5DE-2446-4645-B85A-61269B2D292E}"
	ProjectSection(SolutionItems) = preProject
		Directory.Packages.props = Directory.Packages.props
	EndProjectSection
EndProject
Global
	GlobalSection(SolutionConfigurationPlatforms) = preSolution
		Debug|Any CPU = Debug|Any CPU
		Release|Any CPU = Release|Any CPU
	EndGlobalSection
	GlobalSection(ProjectConfigurationPlatforms) = postSolution
		{F7C25880-9CDE-4578-81AA-2F20F9BA4AF8}.Debug|Any CPU.ActiveCfg = Debug|Any CPU
		{F7C25880-9CDE-4578-81AA-2F20F9BA4AF8}.Debug|Any CPU.Build.0 = Debug|Any CPU
		{F7C25880-9CDE-4578-81AA-2F20F9BA4AF8}.Release|Any CPU.ActiveCfg = Release|Any CPU
		{F7C25880-9CDE-4578-81AA-2F20F9BA4AF8}.Release|Any CPU.Build.0 = Release|Any CPU
		{4C00AABB-DEFD-44D9-B676-B28CF3EC7F0D}.Debug|Any CPU.ActiveCfg = Debug|Any CPU
		{4C00AABB-DEFD-44D9-B676-B28CF3EC7F0D}.Debug|Any CPU.Build.0 = Debug|Any CPU
		{4C00AABB-DEFD-44D9-B676-B28CF3EC7F0D}.Release|Any CPU.ActiveCfg = Release|Any CPU
		{4C00AABB-DEFD-44D9-B676-B28CF3EC7F0D}.Release|Any CPU.Build.0 = Release|Any CPU
	EndGlobalSection
	GlobalSection(SolutionProperties) = preSolution
		HideSolutionNode = FALSE
	EndGlobalSection
	GlobalSection(NestedProjects) = preSolution
		{4C00AABB-DEFD-44D9-B676-B28CF3EC7F0D} = {224254B0-DE76-4AE8-93F9-BA8BC87F5716}
	EndGlobalSection
	GlobalSection(ExtensibilityGlobals) = postSolution
		SolutionGuid = {DBA59C33-3C8F-41F6-8FDD-129F0741F569}
	EndGlobalSection
EndGlobal
